// !$*UTF8*$!
{
	archiveVersion = 1;
	classes = {
	};
	objectVersion = 56;
	objects = {

/* Begin PBXBuildFile section */
		C722350C2BC6FEE0008A28D3 /* ViagemTableViewCell.swift in Sources */ = {isa = PBXBuildFile; fileRef = C722350A2BC6FEDF008A28D3 /* ViagemTableViewCell.swift */; };
		C722350D2BC6FEE0008A28D3 /* ViagemTableViewCell.xib in Resources */ = {isa = PBXBuildFile; fileRef = C722350B2BC6FEE0008A28D3 /* ViagemTableViewCell.xib */; };
		C72235102BC71CAA008A28D3 /* server-response.json in Resources */ = {isa = PBXBuildFile; fileRef = C722350F2BC71CAA008A28D3 /* server-response.json */; };
		C72235122BC71D2B008A28D3 /* DecodableData.swift in Sources */ = {isa = PBXBuildFile; fileRef = C72235112BC71D2B008A28D3 /* DecodableData.swift */; };
		C72235142BC71D57008A28D3 /* TiposDeViagens.swift in Sources */ = {isa = PBXBuildFile; fileRef = C72235132BC71D57008A28D3 /* TiposDeViagens.swift */; };
		C72235162BC71D87008A28D3 /* Viagem.swift in Sources */ = {isa = PBXBuildFile; fileRef = C72235152BC71D86008A28D3 /* Viagem.swift */; };
		C72235192BC71DF4008A28D3 /* UIView+Extension.swift in Sources */ = {isa = PBXBuildFile; fileRef = C72235182BC71DF4008A28D3 /* UIView+Extension.swift */; };
		C722351B2BC72266008A28D3 /* ViagemViewModel.swift in Sources */ = {isa = PBXBuildFile; fileRef = C722351A2BC72266008A28D3 /* ViagemViewModel.swift */; };
		C722351D2BC72760008A28D3 /* ViagemDestaqueViewModel.swift in Sources */ = {isa = PBXBuildFile; fileRef = C722351C2BC72760008A28D3 /* ViagemDestaqueViewModel.swift */; };
		C7867D562BC41A2600BEB790 /* AppDelegate.swift in Sources */ = {isa = PBXBuildFile; fileRef = C7867D552BC41A2600BEB790 /* AppDelegate.swift */; };
		C7867D582BC41A2600BEB790 /* SceneDelegate.swift in Sources */ = {isa = PBXBuildFile; fileRef = C7867D572BC41A2600BEB790 /* SceneDelegate.swift */; };
		C7867D5A2BC41A2600BEB790 /* ViewController.swift in Sources */ = {isa = PBXBuildFile; fileRef = C7867D592BC41A2600BEB790 /* ViewController.swift */; };
		C7867D5D2BC41A2600BEB790 /* Main.storyboard in Resources */ = {isa = PBXBuildFile; fileRef = C7867D5B2BC41A2600BEB790 /* Main.storyboard */; };
		C7867D5F2BC41A2800BEB790 /* Assets.xcassets in Resources */ = {isa = PBXBuildFile; fileRef = C7867D5E2BC41A2800BEB790 /* Assets.xcassets */; };
		C7867D622BC41A2800BEB790 /* LaunchScreen.storyboard in Resources */ = {isa = PBXBuildFile; fileRef = C7867D602BC41A2800BEB790 /* LaunchScreen.storyboard */; };
		C7867D6A2BC4557100BEB790 /* HomeTableViewHeader.xib in Resources */ = {isa = PBXBuildFile; fileRef = C7867D692BC4557100BEB790 /* HomeTableViewHeader.xib */; };
		C7867D6C2BC464D400BEB790 /* HomeTableViewHeader.swift in Sources */ = {isa = PBXBuildFile; fileRef = C7867D6B2BC464D400BEB790 /* HomeTableViewHeader.swift */; };
/* End PBXBuildFile section */

/* Begin PBXFileReference section */
		C722350A2BC6FEDF008A28D3 /* ViagemTableViewCell.swift */ = {isa = PBXFileReference; lastKnownFileType = sourcecode.swift; path = ViagemTableViewCell.swift; sourceTree = "<group>"; };
		C722350B2BC6FEE0008A28D3 /* ViagemTableViewCell.xib */ = {isa = PBXFileReference; lastKnownFileType = file.xib; path = ViagemTableViewCell.xib; sourceTree = "<group>"; };
		C722350F2BC71CAA008A28D3 /* server-response.json */ = {isa = PBXFileReference; fileEncoding = 4; lastKnownFileType = text.json; path = "server-response.json"; sourceTree = "<group>"; };
		C72235112BC71D2B008A28D3 /* DecodableData.swift */ = {isa = PBXFileReference; fileEncoding = 4; lastKnownFileType = sourcecode.swift; path = DecodableData.swift; sourceTree = "<group>"; };
		C72235132BC71D57008A28D3 /* TiposDeViagens.swift */ = {isa = PBXFileReference; fileEncoding = 4; lastKnownFileType = sourcecode.swift; path = TiposDeViagens.swift; sourceTree = "<group>"; };
		C72235152BC71D86008A28D3 /* Viagem.swift */ = {isa = PBXFileReference; fileEncoding = 4; lastKnownFileType = sourcecode.swift; path = Viagem.swift; sourceTree = "<group>"; };
		C72235182BC71DF4008A28D3 /* UIView+Extension.swift */ = {isa = PBXFileReference; fileEncoding = 4; lastKnownFileType = sourcecode.swift; path = "UIView+Extension.swift"; sourceTree = "<group>"; };
		C722351A2BC72266008A28D3 /* ViagemViewModel.swift */ = {isa = PBXFileReference; lastKnownFileType = sourcecode.swift; path = ViagemViewModel.swift; sourceTree = "<group>"; };
		C722351C2BC72760008A28D3 /* ViagemDestaqueViewModel.swift */ = {isa = PBXFileReference; lastKnownFileType = sourcecode.swift; path = ViagemDestaqueViewModel.swift; sourceTree = "<group>"; };
		C7867D522BC41A2600BEB790 /* Viagens.app */ = {isa = PBXFileReference; explicitFileType = wrapper.application; includeInIndex = 0; path = Viagens.app; sourceTree = BUILT_PRODUCTS_DIR; };
		C7867D552BC41A2600BEB790 /* AppDelegate.swift */ = {isa = PBXFileReference; lastKnownFileType = sourcecode.swift; path = AppDelegate.swift; sourceTree = "<group>"; };
		C7867D572BC41A2600BEB790 /* SceneDelegate.swift */ = {isa = PBXFileReference; lastKnownFileType = sourcecode.swift; path = SceneDelegate.swift; sourceTree = "<group>"; };
		C7867D592BC41A2600BEB790 /* ViewController.swift */ = {isa = PBXFileReference; lastKnownFileType = sourcecode.swift; path = ViewController.swift; sourceTree = "<group>"; };
		C7867D5C2BC41A2600BEB790 /* Base */ = {isa = PBXFileReference; lastKnownFileType = file.storyboard; name = Base; path = Base.lproj/Main.storyboard; sourceTree = "<group>"; };
		C7867D5E2BC41A2800BEB790 /* Assets.xcassets */ = {isa = PBXFileReference; lastKnownFileType = folder.assetcatalog; path = Assets.xcassets; sourceTree = "<group>"; };
		C7867D612BC41A2800BEB790 /* Base */ = {isa = PBXFileReference; lastKnownFileType = file.storyboard; name = Base; path = Base.lproj/LaunchScreen.storyboard; sourceTree = "<group>"; };
		C7867D632BC41A2800BEB790 /* Info.plist */ = {isa = PBXFileReference; lastKnownFileType = text.plist.xml; path = Info.plist; sourceTree = "<group>"; };
		C7867D692BC4557100BEB790 /* HomeTableViewHeader.xib */ = {isa = PBXFileReference; lastKnownFileType = file.xib; path = HomeTableViewHeader.xib; sourceTree = "<group>"; };
		C7867D6B2BC464D400BEB790 /* HomeTableViewHeader.swift */ = {isa = PBXFileReference; lastKnownFileType = sourcecode.swift; path = HomeTableViewHeader.swift; sourceTree = "<group>"; };
/* End PBXFileReference section */

/* Begin PBXFrameworksBuildPhase section */
		C7867D4F2BC41A2600BEB790 /* Frameworks */ = {
			isa = PBXFrameworksBuildPhase;
			buildActionMask = 2147483647;
			files = (
			);
			runOnlyForDeploymentPostprocessing = 0;
		};
/* End PBXFrameworksBuildPhase section */

/* Begin PBXGroup section */
		C72235092BC6FDEE008A28D3 /* Cells */ = {
			isa = PBXGroup;
			children = (
				C722350A2BC6FEDF008A28D3 /* ViagemTableViewCell.swift */,
				C722350B2BC6FEE0008A28D3 /* ViagemTableViewCell.xib */,
			);
			path = Cells;
			sourceTree = "<group>";
		};
		C722350E2BC71C0D008A28D3 /* Mock */ = {
			isa = PBXGroup;
			children = (
				C722350F2BC71CAA008A28D3 /* server-response.json */,
			);
			path = Mock;
			sourceTree = "<group>";
		};
		C72235172BC71DAC008A28D3 /* Extensions */ = {
			isa = PBXGroup;
			children = (
				C72235182BC71DF4008A28D3 /* UIView+Extension.swift */,
			);
			path = Extensions;
			sourceTree = "<group>";
		};
		C75D13EE2BC5E14700E79270 /* AppDelegate */ = {
			isa = PBXGroup;
			children = (
				C7867D552BC41A2600BEB790 /* AppDelegate.swift */,
				C7867D572BC41A2600BEB790 /* SceneDelegate.swift */,
			);
			path = AppDelegate;
			sourceTree = "<group>";
		};
		C75D13F02BC5E1BB00E79270 /* Model */ = {
			isa = PBXGroup;
			children = (
				C72235152BC71D86008A28D3 /* Viagem.swift */,
				C72235112BC71D2B008A28D3 /* DecodableData.swift */,
				C72235132BC71D57008A28D3 /* TiposDeViagens.swift */,
			);
			path = Model;
			sourceTree = "<group>";
		};
		C75D13F12BC5E27000E79270 /* View */ = {
			isa = PBXGroup;
			children = (
				C7867D592BC41A2600BEB790 /* ViewController.swift */,
				C7867D5B2BC41A2600BEB790 /* Main.storyboard */,
				C75D13F22BC5E34400E79270 /* Header */,
				C72235092BC6FDEE008A28D3 /* Cells */,
			);
			path = View;
			sourceTree = "<group>";
		};
		C75D13F22BC5E34400E79270 /* Header */ = {
			isa = PBXGroup;
			children = (
				C7867D6B2BC464D400BEB790 /* HomeTableViewHeader.swift */,
				C7867D692BC4557100BEB790 /* HomeTableViewHeader.xib */,
			);
			path = Header;
			sourceTree = "<group>";
		};
		C75D13F32BC5E3C900E79270 /* ViewModel */ = {
			isa = PBXGroup;
			children = (
				C722351A2BC72266008A28D3 /* ViagemViewModel.swift */,
				C722351C2BC72760008A28D3 /* ViagemDestaqueViewModel.swift */,
			);
			path = ViewModel;
			sourceTree = "<group>";
		};
		C7867D492BC41A2600BEB790 = {
			isa = PBXGroup;
			children = (
				C7867D542BC41A2600BEB790 /* Viagens */,
				C7867D532BC41A2600BEB790 /* Products */,
			);
			sourceTree = "<group>";
		};
		C7867D532BC41A2600BEB790 /* Products */ = {
			isa = PBXGroup;
			children = (
				C7867D522BC41A2600BEB790 /* Viagens.app */,
			);
			name = Products;
			sourceTree = "<group>";
		};
		C7867D542BC41A2600BEB790 /* Viagens */ = {
			isa = PBXGroup;
			children = (
				C75D13EE2BC5E14700E79270 /* AppDelegate */,
				C75D13F02BC5E1BB00E79270 /* Model */,
				C75D13F12BC5E27000E79270 /* View */,
				C75D13F32BC5E3C900E79270 /* ViewModel */,
				C72235172BC71DAC008A28D3 /* Extensions */,
				C7867D5E2BC41A2800BEB790 /* Assets.xcassets */,
				C722350E2BC71C0D008A28D3 /* Mock */,
				C7867D602BC41A2800BEB790 /* LaunchScreen.storyboard */,
				C7867D632BC41A2800BEB790 /* Info.plist */,
			);
			path = Viagens;
			sourceTree = "<group>";
		};
/* End PBXGroup section */

/* Begin PBXNativeTarget section */
		C7867D512BC41A2600BEB790 /* Viagens */ = {
			isa = PBXNativeTarget;
			buildConfigurationList = C7867D662BC41A2800BEB790 /* Build configuration list for PBXNativeTarget "Viagens" */;
			buildPhases = (
				C7867D4E2BC41A2600BEB790 /* Sources */,
				C7867D4F2BC41A2600BEB790 /* Frameworks */,
				C7867D502BC41A2600BEB790 /* Resources */,
			);
			buildRules = (
			);
			dependencies = (
			);
			name = Viagens;
			productName = Viagens;
			productReference = C7867D522BC41A2600BEB790 /* Viagens.app */;
			productType = "com.apple.product-type.application";
		};
/* End PBXNativeTarget section */

/* Begin PBXProject section */
		C7867D4A2BC41A2600BEB790 /* Project object */ = {
			isa = PBXProject;
			attributes = {
				BuildIndependentTargetsInParallel = 1;
				LastSwiftUpdateCheck = 1420;
				LastUpgradeCheck = 1420;
				TargetAttributes = {
					C7867D512BC41A2600BEB790 = {
						CreatedOnToolsVersion = 14.2;
					};
				};
			};
			buildConfigurationList = C7867D4D2BC41A2600BEB790 /* Build configuration list for PBXProject "Viagens" */;
			compatibilityVersion = "Xcode 14.0";
			developmentRegion = en;
			hasScannedForEncodings = 0;
			knownRegions = (
				en,
				Base,
			);
			mainGroup = C7867D492BC41A2600BEB790;
			productRefGroup = C7867D532BC41A2600BEB790 /* Products */;
			projectDirPath = "";
			projectRoot = "";
			targets = (
				C7867D512BC41A2600BEB790 /* Viagens */,
			);
		};
/* End PBXProject section */

/* Begin PBXResourcesBuildPhase section */
		C7867D502BC41A2600BEB790 /* Resources */ = {
			isa = PBXResourcesBuildPhase;
			buildActionMask = 2147483647;
			files = (
				C7867D622BC41A2800BEB790 /* LaunchScreen.storyboard in Resources */,
				C72235102BC71CAA008A28D3 /* server-response.json in Resources */,
				C7867D6A2BC4557100BEB790 /* HomeTableViewHeader.xib in Resources */,
				C7867D5F2BC41A2800BEB790 /* Assets.xcassets in Resources */,
				C7867D5D2BC41A2600BEB790 /* Main.storyboard in Resources */,
				C722350D2BC6FEE0008A28D3 /* ViagemTableViewCell.xib in Resources */,
			);
			runOnlyForDeploymentPostprocessing = 0;
		};
/* End PBXResourcesBuildPhase section */

/* Begin PBXSourcesBuildPhase section */
		C7867D4E2BC41A2600BEB790 /* Sources */ = {
			isa = PBXSourcesBuildPhase;
			buildActionMask = 2147483647;
			files = (
				C72235162BC71D87008A28D3 /* Viagem.swift in Sources */,
				C7867D5A2BC41A2600BEB790 /* ViewController.swift in Sources */,
				C722350C2BC6FEE0008A28D3 /* ViagemTableViewCell.swift in Sources */,
				C72235192BC71DF4008A28D3 /* UIView+Extension.swift in Sources */,
				C72235142BC71D57008A28D3 /* TiposDeViagens.swift in Sources */,
				C7867D6C2BC464D400BEB790 /* HomeTableViewHeader.swift in Sources */,
				C72235122BC71D2B008A28D3 /* DecodableData.swift in Sources */,
				C7867D562BC41A2600BEB790 /* AppDelegate.swift in Sources */,
				C7867D582BC41A2600BEB790 /* SceneDelegate.swift in Sources */,
				C722351B2BC72266008A28D3 /* ViagemViewModel.swift in Sources */,
				C722351D2BC72760008A28D3 /* ViagemDestaqueViewModel.swift in Sources */,
			);
			runOnlyForDeploymentPostprocessing = 0;
		};
/* End PBXSourcesBuildPhase section */

/* Begin PBXVariantGroup section */
		C7867D5B2BC41A2600BEB790 /* Main.storyboard */ = {
			isa = PBXVariantGroup;
			children = (
				C7867D5C2BC41A2600BEB790 /* Base */,
			);
			name = Main.storyboard;
			sourceTree = "<group>";
		};
		C7867D602BC41A2800BEB790 /* LaunchScreen.storyboard */ = {
			isa = PBXVariantGroup;
			children = (
				C7867D612BC41A2800BEB790 /* Base */,
			);
			name = LaunchScreen.storyboard;
			sourceTree = "<group>";
		};
/* End PBXVariantGroup section */

/* Begin XCBuildConfiguration section */
		C7867D642BC41A2800BEB790 /* Debug */ = {
			isa = XCBuildConfiguration;
			buildSettings = {
				ALWAYS_SEARCH_USER_PATHS = NO;
				CLANG_ANALYZER_NONNULL = YES;
				CLANG_ANALYZER_NUMBER_OBJECT_CONVERSION = YES_AGGRESSIVE;
				CLANG_CXX_LANGUAGE_STANDARD = "gnu++20";
				CLANG_ENABLE_MODULES = YES;
				CLANG_ENABLE_OBJC_ARC = YES;
				CLANG_ENABLE_OBJC_WEAK = YES;
				CLANG_WARN_BLOCK_CAPTURE_AUTORELEASING = YES;
				CLANG_WARN_BOOL_CONVERSION = YES;
				CLANG_WARN_COMMA = YES;
				CLANG_WARN_CONSTANT_CONVERSION = YES;
				CLANG_WARN_DEPRECATED_OBJC_IMPLEMENTATIONS = YES;
				CLANG_WARN_DIRECT_OBJC_ISA_USAGE = YES_ERROR;
				CLANG_WARN_DOCUMENTATION_COMMENTS = YES;
				CLANG_WARN_EMPTY_BODY = YES;
				CLANG_WARN_ENUM_CONVERSION = YES;
				CLANG_WARN_INFINITE_RECURSION = YES;
				CLANG_WARN_INT_CONVERSION = YES;
				CLANG_WARN_NON_LITERAL_NULL_CONVERSION = YES;
				CLANG_WARN_OBJC_IMPLICIT_RETAIN_SELF = YES;
				CLANG_WARN_OBJC_LITERAL_CONVERSION = YES;
				CLANG_WARN_OBJC_ROOT_CLASS = YES_ERROR;
				CLANG_WARN_QUOTED_INCLUDE_IN_FRAMEWORK_HEADER = YES;
				CLANG_WARN_RANGE_LOOP_ANALYSIS = YES;
				CLANG_WARN_STRICT_PROTOTYPES = YES;
				CLANG_WARN_SUSPICIOUS_MOVE = YES;
				CLANG_WARN_UNGUARDED_AVAILABILITY = YES_AGGRESSIVE;
				CLANG_WARN_UNREACHABLE_CODE = YES;
				CLANG_WARN__DUPLICATE_METHOD_MATCH = YES;
				COPY_PHASE_STRIP = NO;
				DEBUG_INFORMATION_FORMAT = dwarf;
				ENABLE_STRICT_OBJC_MSGSEND = YES;
				ENABLE_TESTABILITY = YES;
				GCC_C_LANGUAGE_STANDARD = gnu11;
				GCC_DYNAMIC_NO_PIC = NO;
				GCC_NO_COMMON_BLOCKS = YES;
				GCC_OPTIMIZATION_LEVEL = 0;
				GCC_PREPROCESSOR_DEFINITIONS = (
					"DEBUG=1",
					"$(inherited)",
				);
				GCC_WARN_64_TO_32_BIT_CONVERSION = YES;
				GCC_WARN_ABOUT_RETURN_TYPE = YES_ERROR;
				GCC_WARN_UNDECLARED_SELECTOR = YES;
				GCC_WARN_UNINITIALIZED_AUTOS = YES_AGGRESSIVE;
				GCC_WARN_UNUSED_FUNCTION = YES;
				GCC_WARN_UNUSED_VARIABLE = YES;
				IPHONEOS_DEPLOYMENT_TARGET = 16.2;
				MTL_ENABLE_DEBUG_INFO = INCLUDE_SOURCE;
				MTL_FAST_MATH = YES;
				ONLY_ACTIVE_ARCH = YES;
				SDKROOT = iphoneos;
				SWIFT_ACTIVE_COMPILATION_CONDITIONS = DEBUG;
				SWIFT_OPTIMIZATION_LEVEL = "-Onone";
			};
			name = Debug;
		};
		C7867D652BC41A2800BEB790 /* Release */ = {
			isa = XCBuildConfiguration;
			buildSettings = {
				ALWAYS_SEARCH_USER_PATHS = NO;
				CLANG_ANALYZER_NONNULL = YES;
				CLANG_ANALYZER_NUMBER_OBJECT_CONVERSION = YES_AGGRESSIVE;
				CLANG_CXX_LANGUAGE_STANDARD = "gnu++20";
				CLANG_ENABLE_MODULES = YES;
				CLANG_ENABLE_OBJC_ARC = YES;
				CLANG_ENABLE_OBJC_WEAK = YES;
				CLANG_WARN_BLOCK_CAPTURE_AUTORELEASING = YES;
				CLANG_WARN_BOOL_CONVERSION = YES;
				CLANG_WARN_COMMA = YES;
				CLANG_WARN_CONSTANT_CONVERSION = YES;
				CLANG_WARN_DEPRECATED_OBJC_IMPLEMENTATIONS = YES;
				CLANG_WARN_DIRECT_OBJC_ISA_USAGE = YES_ERROR;
				CLANG_WARN_DOCUMENTATION_COMMENTS = YES;
				CLANG_WARN_EMPTY_BODY = YES;
				CLANG_WARN_ENUM_CONVERSION = YES;
				CLANG_WARN_INFINITE_RECURSION = YES;
				CLANG_WARN_INT_CONVERSION = YES;
				CLANG_WARN_NON_LITERAL_NULL_CONVERSION = YES;
				CLANG_WARN_OBJC_IMPLICIT_RETAIN_SELF = YES;
				CLANG_WARN_OBJC_LITERAL_CONVERSION = YES;
				CLANG_WARN_OBJC_ROOT_CLASS = YES_ERROR;
				CLANG_WARN_QUOTED_INCLUDE_IN_FRAMEWORK_HEADER = YES;
				CLANG_WARN_RANGE_LOOP_ANALYSIS = YES;
				CLANG_WARN_STRICT_PROTOTYPES = YES;
				CLANG_WARN_SUSPICIOUS_MOVE = YES;
				CLANG_WARN_UNGUARDED_AVAILABILITY = YES_AGGRESSIVE;
				CLANG_WARN_UNREACHABLE_CODE = YES;
				CLANG_WARN__DUPLICATE_METHOD_MATCH = YES;
				COPY_PHASE_STRIP = NO;
				DEBUG_INFORMATION_FORMAT = "dwarf-with-dsym";
				ENABLE_NS_ASSERTIONS = NO;
				ENABLE_STRICT_OBJC_MSGSEND = YES;
				GCC_C_LANGUAGE_STANDARD = gnu11;
				GCC_NO_COMMON_BLOCKS = YES;
				GCC_WARN_64_TO_32_BIT_CONVERSION = YES;
				GCC_WARN_ABOUT_RETURN_TYPE = YES_ERROR;
				GCC_WARN_UNDECLARED_SELECTOR = YES;
				GCC_WARN_UNINITIALIZED_AUTOS = YES_AGGRESSIVE;
				GCC_WARN_UNUSED_FUNCTION = YES;
				GCC_WARN_UNUSED_VARIABLE = YES;
				IPHONEOS_DEPLOYMENT_TARGET = 16.2;
				MTL_ENABLE_DEBUG_INFO = NO;
				MTL_FAST_MATH = YES;
				SDKROOT = iphoneos;
				SWIFT_COMPILATION_MODE = wholemodule;
				SWIFT_OPTIMIZATION_LEVEL = "-O";
				VALIDATE_PRODUCT = YES;
			};
			name = Release;
		};
		C7867D672BC41A2800BEB790 /* Debug */ = {
			isa = XCBuildConfiguration;
			buildSettings = {
				ASSETCATALOG_COMPILER_APPICON_NAME = AppIcon;
				ASSETCATALOG_COMPILER_GLOBAL_ACCENT_COLOR_NAME = AccentColor;
				CODE_SIGN_STYLE = Automatic;
				CURRENT_PROJECT_VERSION = 1;
				GENERATE_INFOPLIST_FILE = YES;
				INFOPLIST_FILE = Viagens/Info.plist;
				INFOPLIST_KEY_UIApplicationSupportsIndirectInputEvents = YES;
				INFOPLIST_KEY_UILaunchStoryboardName = LaunchScreen;
				INFOPLIST_KEY_UIMainStoryboardFile = Main;
				INFOPLIST_KEY_UISupportedInterfaceOrientations_iPad = "UIInterfaceOrientationPortrait UIInterfaceOrientationPortraitUpsideDown UIInterfaceOrientationLandscapeLeft UIInterfaceOrientationLandscapeRight";
				INFOPLIST_KEY_UISupportedInterfaceOrientations_iPhone = "UIInterfaceOrientationPortrait UIInterfaceOrientationLandscapeLeft UIInterfaceOrientationLandscapeRight";
				LD_RUNPATH_SEARCH_PATHS = (
					"$(inherited)",
					"@executable_path/Frameworks",
				);
				MARKETING_VERSION = 1.0;
				PRODUCT_BUNDLE_IDENTIFIER = QuartoProjetoUikit.Viagens;
				PRODUCT_NAME = "$(TARGET_NAME)";
				SWIFT_EMIT_LOC_STRINGS = YES;
				SWIFT_VERSION = 5.0;
				TARGETED_DEVICE_FAMILY = "1,2";
			};
			name = Debug;
		};
		C7867D682BC41A2800BEB790 /* Release */ = {
			isa = XCBuildConfiguration;
			buildSettings = {
				ASSETCATALOG_COMPILER_APPICON_NAME = AppIcon;
				ASSETCATALOG_COMPILER_GLOBAL_ACCENT_COLOR_NAME = AccentColor;
				CODE_SIGN_STYLE = Automatic;
				CURRENT_PROJECT_VERSION = 1;
				GENERATE_INFOPLIST_FILE = YES;
				INFOPLIST_FILE = Viagens/Info.plist;
				INFOPLIST_KEY_UIApplicationSupportsIndirectInputEvents = YES;
				INFOPLIST_KEY_UILaunchStoryboardName = LaunchScreen;
				INFOPLIST_KEY_UIMainStoryboardFile = Main;
				INFOPLIST_KEY_UISupportedInterfaceOrientations_iPad = "UIInterfaceOrientationPortrait UIInterfaceOrientationPortraitUpsideDown UIInterfaceOrientationLandscapeLeft UIInterfaceOrientationLandscapeRight";
				INFOPLIST_KEY_UISupportedInterfaceOrientations_iPhone = "UIInterfaceOrientationPortrait UIInterfaceOrientationLandscapeLeft UIInterfaceOrientationLandscapeRight";
				LD_RUNPATH_SEARCH_PATHS = (
					"$(inherited)",
					"@executable_path/Frameworks",
				);
				MARKETING_VERSION = 1.0;
				PRODUCT_BUNDLE_IDENTIFIER = QuartoProjetoUikit.Viagens;
				PRODUCT_NAME = "$(TARGET_NAME)";
				SWIFT_EMIT_LOC_STRINGS = YES;
				SWIFT_VERSION = 5.0;
				TARGETED_DEVICE_FAMILY = "1,2";
			};
			name = Release;
		};
/* End XCBuildConfiguration section */

/* Begin XCConfigurationList section */
		C7867D4D2BC41A2600BEB790 /* Build configuration list for PBXProject "Viagens" */ = {
			isa = XCConfigurationList;
			buildConfigurations = (
				C7867D642BC41A2800BEB790 /* Debug */,
				C7867D652BC41A2800BEB790 /* Release */,
			);
			defaultConfigurationIsVisible = 0;
			defaultConfigurationName = Release;
		};
		C7867D662BC41A2800BEB790 /* Build configuration list for PBXNativeTarget "Viagens" */ = {
			isa = XCConfigurationList;
			buildConfigurations = (
				C7867D672BC41A2800BEB790 /* Debug */,
				C7867D682BC41A2800BEB790 /* Release */,
			);
			defaultConfigurationIsVisible = 0;
			defaultConfigurationName = Release;
		};
/* End XCConfigurationList section */
	};
	rootObject = C7867D4A2BC41A2600BEB790 /* Project object */;
}
